
Microsoft Visual Studio Solution File, Format Version 12.00
# Visual Studio 15
VisualStudioVersion = 15.0.26730.16
MinimumVisualStudioVersion = 10.0.40219.1
Project("{888888A0-9F3D-457C-B088-3A5042F75D52}") = "week04", "week04\week04.pyproj", "{AFE3D2F3-A96D-47F0-9F0B-9447412FD196}"
EndProject
Global
	GlobalSection(SolutionConfigurationPlatforms) = preSolution
		Debug|Any CPU = Debug|Any CPU
		Release|Any CPU = Release|Any CPU
	EndGlobalSection
	GlobalSection(ProjectConfigurationPlatforms) = postSolution
		{AFE3D2F3-A96D-47F0-9F0B-9447412FD196}.Debug|Any CPU.ActiveCfg = Debug|Any CPU
		{AFE3D2F3-A96D-47F0-9F0B-9447412FD196}.Release|Any CPU.ActiveCfg = Release|Any CPU
	EndGlobalSection
	GlobalSection(SolutionProperties) = preSolution
		HideSolutionNode = FALSE
	EndGlobalSection
	GlobalSection(ExtensibilityGlobals) = postSolution
		SolutionGuid = {57497748-B39B-4491-A795-9AA1A41E06C3}
	EndGlobalSection
EndGlobal
